// !$*UTF8*$!
{
	archiveVersion = 1;
	classes = {
	};
	objectVersion = 55;
	objects = {

/* Begin PBXBuildFile section */
		152903E828AD922200A64FF1 /* ShoppingItemCell.swift in Sources */ = {isa = PBXBuildFile; fileRef = 152903E728AD922200A64FF1 /* ShoppingItemCell.swift */; };
		152903EA28ADA78D00A64FF1 /* CategoryFilterView.swift in Sources */ = {isa = PBXBuildFile; fileRef = 152903E928ADA78D00A64FF1 /* CategoryFilterView.swift */; };
		155653B528AD1B8A002075EA /* RealmDBGroceryAppApp.swift in Sources */ = {isa = PBXBuildFile; fileRef = 155653B428AD1B8A002075EA /* RealmDBGroceryAppApp.swift */; };
		155653B728AD1B8A002075EA /* ContentView.swift in Sources */ = {isa = PBXBuildFile; fileRef = 155653B628AD1B8A002075EA /* ContentView.swift */; };
		155653B928AD1B8D002075EA /* Assets.xcassets in Resources */ = {isa = PBXBuildFile; fileRef = 155653B828AD1B8D002075EA /* Assets.xcassets */; };
		155653BC28AD1B8D002075EA /* Preview Assets.xcassets in Resources */ = {isa = PBXBuildFile; fileRef = 155653BB28AD1B8D002075EA /* Preview Assets.xcassets */; };
		155653C428AD1CF5002075EA /* Realm in Frameworks */ = {isa = PBXBuildFile; productRef = 155653C328AD1CF5002075EA /* Realm */; };
		155653C628AD1CF5002075EA /* RealmSwift in Frameworks */ = {isa = PBXBuildFile; productRef = 155653C528AD1CF5002075EA /* RealmSwift */; };
		155653C928AD22C2002075EA /* AddShoppingListScreen.swift in Sources */ = {isa = PBXBuildFile; fileRef = 155653C828AD22C2002075EA /* AddShoppingListScreen.swift */; };
		155653CC28AD266F002075EA /* ShoppingList.swift in Sources */ = {isa = PBXBuildFile; fileRef = 155653CB28AD266F002075EA /* ShoppingList.swift */; };
		155653D028AD40F5002075EA /* ShoppingListItem.swift in Sources */ = {isa = PBXBuildFile; fileRef = 155653CF28AD40F5002075EA /* ShoppingListItem.swift */; };
		155653D328AD42D9002075EA /* Migrator.swift in Sources */ = {isa = PBXBuildFile; fileRef = 155653D228AD42D9002075EA /* Migrator.swift */; };
		155653D528AD4955002075EA /* ShoppingListItemsScreen.swift in Sources */ = {isa = PBXBuildFile; fileRef = 155653D428AD4955002075EA /* ShoppingListItemsScreen.swift */; };
		155653D728AD4ABE002075EA /* AddShoppingListItemScreen.swift in Sources */ = {isa = PBXBuildFile; fileRef = 155653D628AD4ABE002075EA /* AddShoppingListItemScreen.swift */; };
/* End PBXBuildFile section */

/* Begin PBXFileReference section */
		152903E728AD922200A64FF1 /* ShoppingItemCell.swift */ = {isa = PBXFileReference; lastKnownFileType = sourcecode.swift; path = ShoppingItemCell.swift; sourceTree = "<group>"; };
		152903E928ADA78D00A64FF1 /* CategoryFilterView.swift */ = {isa = PBXFileReference; lastKnownFileType = sourcecode.swift; path = CategoryFilterView.swift; sourceTree = "<group>"; };
		155653B128AD1B8A002075EA /* RealmDBGroceryApp.app */ = {isa = PBXFileReference; explicitFileType = wrapper.application; includeInIndex = 0; path = RealmDBGroceryApp.app; sourceTree = BUILT_PRODUCTS_DIR; };
		155653B428AD1B8A002075EA /* RealmDBGroceryAppApp.swift */ = {isa = PBXFileReference; lastKnownFileType = sourcecode.swift; path = RealmDBGroceryAppApp.swift; sourceTree = "<group>"; };
		155653B628AD1B8A002075EA /* ContentView.swift */ = {isa = PBXFileReference; lastKnownFileType = sourcecode.swift; path = ContentView.swift; sourceTree = "<group>"; };
		155653B828AD1B8D002075EA /* Assets.xcassets */ = {isa = PBXFileReference; lastKnownFileType = folder.assetcatalog; path = Assets.xcassets; sourceTree = "<group>"; };
		155653BB28AD1B8D002075EA /* Preview Assets.xcassets */ = {isa = PBXFileReference; lastKnownFileType = folder.assetcatalog; path = "Preview Assets.xcassets"; sourceTree = "<group>"; };
		155653C828AD22C2002075EA /* AddShoppingListScreen.swift */ = {isa = PBXFileReference; lastKnownFileType = sourcecode.swift; path = AddShoppingListScreen.swift; sourceTree = "<group>"; };
		155653CB28AD266F002075EA /* ShoppingList.swift */ = {isa = PBXFileReference; lastKnownFileType = sourcecode.swift; path = ShoppingList.swift; sourceTree = "<group>"; };
		155653CF28AD40F5002075EA /* ShoppingListItem.swift */ = {isa = PBXFileReference; lastKnownFileType = sourcecode.swift; path = ShoppingListItem.swift; sourceTree = "<group>"; };
		155653D228AD42D9002075EA /* Migrator.swift */ = {isa = PBXFileReference; lastKnownFileType = sourcecode.swift; path = Migrator.swift; sourceTree = "<group>"; };
		155653D428AD4955002075EA /* ShoppingListItemsScreen.swift */ = {isa = PBXFileReference; lastKnownFileType = sourcecode.swift; path = ShoppingListItemsScreen.swift; sourceTree = "<group>"; };
		155653D628AD4ABE002075EA /* AddShoppingListItemScreen.swift */ = {isa = PBXFileReference; lastKnownFileType = sourcecode.swift; path = AddShoppingListItemScreen.swift; sourceTree = "<group>"; };
/* End PBXFileReference section */

/* Begin PBXFrameworksBuildPhase section */
		155653AE28AD1B8A002075EA /* Frameworks */ = {
			isa = PBXFrameworksBuildPhase;
			buildActionMask = 2147483647;
			files = (
				155653C628AD1CF5002075EA /* RealmSwift in Frameworks */,
				155653C428AD1CF5002075EA /* Realm in Frameworks */,
			);
			runOnlyForDeploymentPostprocessing = 0;
		};
/* End PBXFrameworksBuildPhase section */

/* Begin PBXGroup section */
		152903E628AD920B00A64FF1 /* Views */ = {
			isa = PBXGroup;
			children = (
				152903E728AD922200A64FF1 /* ShoppingItemCell.swift */,
				152903E928ADA78D00A64FF1 /* CategoryFilterView.swift */,
			);
			path = Views;
			sourceTree = "<group>";
		};
		155653A828AD1B8A002075EA = {
			isa = PBXGroup;
			children = (
				155653B328AD1B8A002075EA /* RealmDBGroceryApp */,
				155653B228AD1B8A002075EA /* Products */,
			);
			sourceTree = "<group>";
		};
		155653B228AD1B8A002075EA /* Products */ = {
			isa = PBXGroup;
			children = (
				155653B128AD1B8A002075EA /* RealmDBGroceryApp.app */,
			);
			name = Products;
			sourceTree = "<group>";
		};
		155653B328AD1B8A002075EA /* RealmDBGroceryApp */ = {
			isa = PBXGroup;
			children = (
				152903E628AD920B00A64FF1 /* Views */,
				155653D128AD42B4002075EA /* Utils */,
				155653CA28AD264C002075EA /* Models */,
				155653C728AD22A1002075EA /* Screens */,
				155653B428AD1B8A002075EA /* RealmDBGroceryAppApp.swift */,
				155653B628AD1B8A002075EA /* ContentView.swift */,
				155653B828AD1B8D002075EA /* Assets.xcassets */,
				155653BA28AD1B8D002075EA /* Preview Content */,
			);
			path = RealmDBGroceryApp;
			sourceTree = "<group>";
		};
		155653BA28AD1B8D002075EA /* Preview Content */ = {
			isa = PBXGroup;
			children = (
				155653BB28AD1B8D002075EA /* Preview Assets.xcassets */,
			);
			path = "Preview Content";
			sourceTree = "<group>";
		};
		155653C728AD22A1002075EA /* Screens */ = {
			isa = PBXGroup;
			children = (
				155653C828AD22C2002075EA /* AddShoppingListScreen.swift */,
				155653D428AD4955002075EA /* ShoppingListItemsScreen.swift */,
				155653D628AD4ABE002075EA /* AddShoppingListItemScreen.swift */,
			);
			path = Screens;
			sourceTree = "<group>";
		};
		155653CA28AD264C002075EA /* Models */ = {
			isa = PBXGroup;
			children = (
				155653CB28AD266F002075EA /* ShoppingList.swift */,
				155653CF28AD40F5002075EA /* ShoppingListItem.swift */,
			);
			path = Models;
			sourceTree = "<group>";
		};
		155653D128AD42B4002075EA /* Utils */ = {
			isa = PBXGroup;
			children = (
				155653D228AD42D9002075EA /* Migrator.swift */,
			);
			path = Utils;
			sourceTree = "<group>";
		};
/* End PBXGroup section */

/* Begin PBXNativeTarget section */
		155653B028AD1B8A002075EA /* RealmDBGroceryApp */ = {
			isa = PBXNativeTarget;
			buildConfigurationList = 155653BF28AD1B8D002075EA /* Build configuration list for PBXNativeTarget "RealmDBGroceryApp" */;
			buildPhases = (
				155653AD28AD1B8A002075EA /* Sources */,
				155653AE28AD1B8A002075EA /* Frameworks */,
				155653AF28AD1B8A002075EA /* Resources */,
			);
			buildRules = (
			);
			dependencies = (
			);
			name = RealmDBGroceryApp;
			packageProductDependencies = (
				155653C328AD1CF5002075EA /* Realm */,
				155653C528AD1CF5002075EA /* RealmSwift */,
			);
			productName = RealmDBGroceryApp;
			productReference = 155653B128AD1B8A002075EA /* RealmDBGroceryApp.app */;
			productType = "com.apple.product-type.application";
		};
/* End PBXNativeTarget section */

/* Begin PBXProject section */
		155653A928AD1B8A002075EA /* Project object */ = {
			isa = PBXProject;
			attributes = {
				BuildIndependentTargetsInParallel = 1;
				LastSwiftUpdateCheck = 1340;
				LastUpgradeCheck = 1340;
				TargetAttributes = {
					155653B028AD1B8A002075EA = {
						CreatedOnToolsVersion = 13.4.1;
					};
				};
			};
			buildConfigurationList = 155653AC28AD1B8A002075EA /* Build configuration list for PBXProject "RealmDBGroceryApp" */;
			compatibilityVersion = "Xcode 13.0";
			developmentRegion = en;
			hasScannedForEncodings = 0;
			knownRegions = (
				en,
				Base,
			);
			mainGroup = 155653A828AD1B8A002075EA;
			packageReferences = (
				155653C228AD1CF5002075EA /* XCRemoteSwiftPackageReference "realm-cocoa" */,
			);
			productRefGroup = 155653B228AD1B8A002075EA /* Products */;
			projectDirPath = "";
			projectRoot = "";
			targets = (
				155653B028AD1B8A002075EA /* RealmDBGroceryApp */,
			);
		};
/* End PBXProject section */

/* Begin PBXResourcesBuildPhase section */
		155653AF28AD1B8A002075EA /* Resources */ = {
			isa = PBXResourcesBuildPhase;
			buildActionMask = 2147483647;
			files = (
				155653BC28AD1B8D002075EA /* Preview Assets.xcassets in Resources */,
				155653B928AD1B8D002075EA /* Assets.xcassets in Resources */,
			);
			runOnlyForDeploymentPostprocessing = 0;
		};
/* End PBXResourcesBuildPhase section */

/* Begin PBXSourcesBuildPhase section */
		155653AD28AD1B8A002075EA /* Sources */ = {
			isa = PBXSourcesBuildPhase;
			buildActionMask = 2147483647;
			files = (
				152903E828AD922200A64FF1 /* ShoppingItemCell.swift in Sources */,
				155653B728AD1B8A002075EA /* ContentView.swift in Sources */,
				152903EA28ADA78D00A64FF1 /* CategoryFilterView.swift in Sources */,
				155653D528AD4955002075EA /* ShoppingListItemsScreen.swift in Sources */,
				155653CC28AD266F002075EA /* ShoppingList.swift in Sources */,
				155653D328AD42D9002075EA /* Migrator.swift in Sources */,
				155653B528AD1B8A002075EA /* RealmDBGroceryAppApp.swift in Sources */,
				155653D028AD40F5002075EA /* ShoppingListItem.swift in Sources */,
				155653D728AD4ABE002075EA /* AddShoppingListItemScreen.swift in Sources */,
				155653C928AD22C2002075EA /* AddShoppingListScreen.swift in Sources */,
			);
			runOnlyForDeploymentPostprocessing = 0;
		};
/* End PBXSourcesBuildPhase section */

/* Begin XCBuildConfiguration section */
		155653BD28AD1B8D002075EA /* Debug */ = {
			isa = XCBuildConfiguration;
			buildSettings = {
				ALWAYS_SEARCH_USER_PATHS = NO;
				CLANG_ANALYZER_NONNULL = YES;
				CLANG_ANALYZER_NUMBER_OBJECT_CONVERSION = YES_AGGRESSIVE;
				CLANG_CXX_LANGUAGE_STANDARD = "gnu++17";
				CLANG_ENABLE_MODULES = YES;
				CLANG_ENABLE_OBJC_ARC = YES;
				CLANG_ENABLE_OBJC_WEAK = YES;
				CLANG_WARN_BLOCK_CAPTURE_AUTORELEASING = YES;
				CLANG_WARN_BOOL_CONVERSION = YES;
				CLANG_WARN_COMMA = YES;
				CLANG_WARN_CONSTANT_CONVERSION = YES;
				CLANG_WARN_DEPRECATED_OBJC_IMPLEMENTATIONS = YES;
				CLANG_WARN_DIRECT_OBJC_ISA_USAGE = YES_ERROR;
				CLANG_WARN_DOCUMENTATION_COMMENTS = YES;
				CLANG_WARN_EMPTY_BODY = YES;
				CLANG_WARN_ENUM_CONVERSION = YES;
				CLANG_WARN_INFINITE_RECURSION = YES;
				CLANG_WARN_INT_CONVERSION = YES;
				CLANG_WARN_NON_LITERAL_NULL_CONVERSION = YES;
				CLANG_WARN_OBJC_IMPLICIT_RETAIN_SELF = YES;
				CLANG_WARN_OBJC_LITERAL_CONVERSION = YES;
				CLANG_WARN_OBJC_ROOT_CLASS = YES_ERROR;
				CLANG_WARN_QUOTED_INCLUDE_IN_FRAMEWORK_HEADER = YES;
				CLANG_WARN_RANGE_LOOP_ANALYSIS = YES;
				CLANG_WARN_STRICT_PROTOTYPES = YES;
				CLANG_WARN_SUSPICIOUS_MOVE = YES;
				CLANG_WARN_UNGUARDED_AVAILABILITY = YES_AGGRESSIVE;
				CLANG_WARN_UNREACHABLE_CODE = YES;
				CLANG_WARN__DUPLICATE_METHOD_MATCH = YES;
				COPY_PHASE_STRIP = NO;
				DEBUG_INFORMATION_FORMAT = dwarf;
				ENABLE_STRICT_OBJC_MSGSEND = YES;
				ENABLE_TESTABILITY = YES;
				GCC_C_LANGUAGE_STANDARD = gnu11;
				GCC_DYNAMIC_NO_PIC = NO;
				GCC_NO_COMMON_BLOCKS = YES;
				GCC_OPTIMIZATION_LEVEL = 0;
				GCC_PREPROCESSOR_DEFINITIONS = (
					"DEBUG=1",
					"$(inherited)",
				);
				GCC_WARN_64_TO_32_BIT_CONVERSION = YES;
				GCC_WARN_ABOUT_RETURN_TYPE = YES_ERROR;
				GCC_WARN_UNDECLARED_SELECTOR = YES;
				GCC_WARN_UNINITIALIZED_AUTOS = YES_AGGRESSIVE;
				GCC_WARN_UNUSED_FUNCTION = YES;
				GCC_WARN_UNUSED_VARIABLE = YES;
				IPHONEOS_DEPLOYMENT_TARGET = 15.5;
				MTL_ENABLE_DEBUG_INFO = INCLUDE_SOURCE;
				MTL_FAST_MATH = YES;
				ONLY_ACTIVE_ARCH = YES;
				SDKROOT = iphoneos;
				SWIFT_ACTIVE_COMPILATION_CONDITIONS = DEBUG;
				SWIFT_OPTIMIZATION_LEVEL = "-Onone";
			};
			name = Debug;
		};
		155653BE28AD1B8D002075EA /* Release */ = {
			isa = XCBuildConfiguration;
			buildSettings = {
				ALWAYS_SEARCH_USER_PATHS = NO;
				CLANG_ANALYZER_NONNULL = YES;
				CLANG_ANALYZER_NUMBER_OBJECT_CONVERSION = YES_AGGRESSIVE;
				CLANG_CXX_LANGUAGE_STANDARD = "gnu++17";
				CLANG_ENABLE_MODULES = YES;
				CLANG_ENABLE_OBJC_ARC = YES;
				CLANG_ENABLE_OBJC_WEAK = YES;
				CLANG_WARN_BLOCK_CAPTURE_AUTORELEASING = YES;
				CLANG_WARN_BOOL_CONVERSION = YES;
				CLANG_WARN_COMMA = YES;
				CLANG_WARN_CONSTANT_CONVERSION = YES;
				CLANG_WARN_DEPRECATED_OBJC_IMPLEMENTATIONS = YES;
				CLANG_WARN_DIRECT_OBJC_ISA_USAGE = YES_ERROR;
				CLANG_WARN_DOCUMENTATION_COMMENTS = YES;
				CLANG_WARN_EMPTY_BODY = YES;
				CLANG_WARN_ENUM_CONVERSION = YES;
				CLANG_WARN_INFINITE_RECURSION = YES;
				CLANG_WARN_INT_CONVERSION = YES;
				CLANG_WARN_NON_LITERAL_NULL_CONVERSION = YES;
				CLANG_WARN_OBJC_IMPLICIT_RETAIN_SELF = YES;
				CLANG_WARN_OBJC_LITERAL_CONVERSION = YES;
				CLANG_WARN_OBJC_ROOT_CLASS = YES_ERROR;
				CLANG_WARN_QUOTED_INCLUDE_IN_FRAMEWORK_HEADER = YES;
				CLANG_WARN_RANGE_LOOP_ANALYSIS = YES;
				CLANG_WARN_STRICT_PROTOTYPES = YES;
				CLANG_WARN_SUSPICIOUS_MOVE = YES;
				CLANG_WARN_UNGUARDED_AVAILABILITY = YES_AGGRESSIVE;
				CLANG_WARN_UNREACHABLE_CODE = YES;
				CLANG_WARN__DUPLICATE_METHOD_MATCH = YES;
				COPY_PHASE_STRIP = NO;
				DEBUG_INFORMATION_FORMAT = "dwarf-with-dsym";
				ENABLE_NS_ASSERTIONS = NO;
				ENABLE_STRICT_OBJC_MSGSEND = YES;
				GCC_C_LANGUAGE_STANDARD = gnu11;
				GCC_NO_COMMON_BLOCKS = YES;
				GCC_WARN_64_TO_32_BIT_CONVERSION = YES;
				GCC_WARN_ABOUT_RETURN_TYPE = YES_ERROR;
				GCC_WARN_UNDECLARED_SELECTOR = YES;
				GCC_WARN_UNINITIALIZED_AUTOS = YES_AGGRESSIVE;
				GCC_WARN_UNUSED_FUNCTION = YES;
				GCC_WARN_UNUSED_VARIABLE = YES;
				IPHONEOS_DEPLOYMENT_TARGET = 15.5;
				MTL_ENABLE_DEBUG_INFO = NO;
				MTL_FAST_MATH = YES;
				SDKROOT = iphoneos;
				SWIFT_COMPILATION_MODE = wholemodule;
				SWIFT_OPTIMIZATION_LEVEL = "-O";
				VALIDATE_PRODUCT = YES;
			};
			name = Release;
		};
		155653C028AD1B8D002075EA /* Debug */ = {
			isa = XCBuildConfiguration;
			buildSettings = {
				ASSETCATALOG_COMPILER_APPICON_NAME = AppIcon;
				ASSETCATALOG_COMPILER_GLOBAL_ACCENT_COLOR_NAME = AccentColor;
				CODE_SIGN_STYLE = Automatic;
				CURRENT_PROJECT_VERSION = 1;
				DEVELOPMENT_ASSET_PATHS = "\"RealmDBGroceryApp/Preview Content\"";
				DEVELOPMENT_TEAM = 26668HS2H3;
				ENABLE_PREVIEWS = YES;
				GENERATE_INFOPLIST_FILE = YES;
				INFOPLIST_KEY_UIApplicationSceneManifest_Generation = YES;
				INFOPLIST_KEY_UIApplicationSupportsIndirectInputEvents = YES;
				INFOPLIST_KEY_UILaunchScreen_Generation = YES;
				INFOPLIST_KEY_UISupportedInterfaceOrientations_iPad = "UIInterfaceOrientationPortrait UIInterfaceOrientationPortraitUpsideDown UIInterfaceOrientationLandscapeLeft UIInterfaceOrientationLandscapeRight";
				INFOPLIST_KEY_UISupportedInterfaceOrientations_iPhone = "UIInterfaceOrientationPortrait UIInterfaceOrientationLandscapeLeft UIInterfaceOrientationLandscapeRight";
				LD_RUNPATH_SEARCH_PATHS = (
					"$(inherited)",
					"@executable_path/Frameworks",
				);
				MARKETING_VERSION = 1.0;
				PRODUCT_BUNDLE_IDENTIFIER = com.lioneljones.RealmDBGroceryApp;
				PRODUCT_NAME = "$(TARGET_NAME)";
				SWIFT_EMIT_LOC_STRINGS = YES;
				SWIFT_VERSION = 5.0;
				TARGETED_DEVICE_FAMILY = "1,2";
			};
			name = Debug;
		};
		155653C128AD1B8D002075EA /* Release */ = {
			isa = XCBuildConfiguration;
			buildSettings = {
				ASSETCATALOG_COMPILER_APPICON_NAME = AppIcon;
				ASSETCATALOG_COMPILER_GLOBAL_ACCENT_COLOR_NAME = AccentColor;
				CODE_SIGN_STYLE = Automatic;
				CURRENT_PROJECT_VERSION = 1;
				DEVELOPMENT_ASSET_PATHS = "\"RealmDBGroceryApp/Preview Content\"";
				DEVELOPMENT_TEAM = 26668HS2H3;
				ENABLE_PREVIEWS = YES;
				GENERATE_INFOPLIST_FILE = YES;
				INFOPLIST_KEY_UIApplicationSceneManifest_Generation = YES;
				INFOPLIST_KEY_UIApplicationSupportsIndirectInputEvents = YES;
				INFOPLIST_KEY_UILaunchScreen_Generation = YES;
				INFOPLIST_KEY_UISupportedInterfaceOrientations_iPad = "UIInterfaceOrientationPortrait UIInterfaceOrientationPortraitUpsideDown UIInterfaceOrientationLandscapeLeft UIInterfaceOrientationLandscapeRight";
				INFOPLIST_KEY_UISupportedInterfaceOrientations_iPhone = "UIInterfaceOrientationPortrait UIInterfaceOrientationLandscapeLeft UIInterfaceOrientationLandscapeRight";
				LD_RUNPATH_SEARCH_PATHS = (
					"$(inherited)",
					"@executable_path/Frameworks",
				);
				MARKETING_VERSION = 1.0;
				PRODUCT_BUNDLE_IDENTIFIER = com.lioneljones.RealmDBGroceryApp;
				PRODUCT_NAME = "$(TARGET_NAME)";
				SWIFT_EMIT_LOC_STRINGS = YES;
				SWIFT_VERSION = 5.0;
				TARGETED_DEVICE_FAMILY = "1,2";
			};
			name = Release;
		};
/* End XCBuildConfiguration section */

/* Begin XCConfigurationList section */
		155653AC28AD1B8A002075EA /* Build configuration list for PBXProject "RealmDBGroceryApp" */ = {
			isa = XCConfigurationList;
			buildConfigurations = (
				155653BD28AD1B8D002075EA /* Debug */,
				155653BE28AD1B8D002075EA /* Release */,
			);
			defaultConfigurationIsVisible = 0;
			defaultConfigurationName = Release;
		};
		155653BF28AD1B8D002075EA /* Build configuration list for PBXNativeTarget "RealmDBGroceryApp" */ = {
			isa = XCConfigurationList;
			buildConfigurations = (
				155653C028AD1B8D002075EA /* Debug */,
				155653C128AD1B8D002075EA /* Release */,
			);
			defaultConfigurationIsVisible = 0;
			defaultConfigurationName = Release;
		};
/* End XCConfigurationList section */

/* Begin XCRemoteSwiftPackageReference section */
		155653C228AD1CF5002075EA /* XCRemoteSwiftPackageReference "realm-cocoa" */ = {
			isa = XCRemoteSwiftPackageReference;
			repositoryURL = "https://github.com/realm/realm-cocoa.git";
			requirement = {
				branch = master;
				kind = branch;
			};
		};
/* End XCRemoteSwiftPackageReference section */

/* Begin XCSwiftPackageProductDependency section */
		155653C328AD1CF5002075EA /* Realm */ = {
			isa = XCSwiftPackageProductDependency;
			package = 155653C228AD1CF5002075EA /* XCRemoteSwiftPackageReference "realm-cocoa" */;
			productName = Realm;
		};
		155653C528AD1CF5002075EA /* RealmSwift */ = {
			isa = XCSwiftPackageProductDependency;
			package = 155653C228AD1CF5002075EA /* XCRemoteSwiftPackageReference "realm-cocoa" */;
			productName = RealmSwift;
		};
/* End XCSwiftPackageProductDependency section */
	};
	rootObject = 155653A928AD1B8A002075EA /* Project object */;
}
